{
  "originHash" : "b95e90e75b3ffe9de845ead4bae1c757153ec66c24ba4f0cd81fce4b7b1f08df",
  "pins" : [
    {
      "identity" : "activityindicatorview",
      "kind" : "remoteSourceControl",
      "location" : "https://github.com/exyte/ActivityIndicatorView.git",
      "state" : {
        "revision" : "04be6321d482f6bce9e3c9412e419831d88a5327",
        "version" : "0.0.7"
      }
    },
    {
      "identity" : "progressindicatorview",
      "kind" : "remoteSourceControl",
      "location" : "https://github.com/exyte/ProgressIndicatorView.git",
      "state" : {
        "branch" : "master",
        "revision" : "383453eab08cdf55ed79a1b5040271daf85f2781"
      }
    },
    {
      "identity" : "swiftfulloadingindicators",
      "kind" : "remoteSourceControl",
      "location" : "https://github.com/SwiftfulThinking/SwiftfulLoadingIndicators.git",
      "state" : {
        "revision" : "85858c0246dcd781228301f9928519f75ce89758",
        "version" : "0.0.4"
      }
    },
    {
      "identity" : "zlswipeableviewswift",
      "kind" : "remoteSourceControl",
      "location" : "https://github.com/zhxnlai/ZLSwipeableViewSwift.git",
      "state" : {
        "branch" : "master",
        "revision" : "4e694c883dec91f858eb5a2af5fd9ada3d2e47dc"
      }
    },
    {
      "identity" : "zlswipeableviewswiftui",
      "kind" : "remoteSourceControl",
      "location" : "https://github.com/alldritt/ZLSwipeableViewSwiftUI.git",
      "state" : {
        "branch" : "main",
        "revision" : "46d4dbe3aa085d40d0b5b4fbaa5bd6274f371fe8"
      }
    }
  ],
  "version" : 3
}
