// !$*UTF8*$!
{
	archiveVersion = 1;
	classes = {
	};
	objectVersion = 52;
	objects = {

/* Begin PBXBuildFile section */
		A580319525C7ADA1009756EB /* MurderBotApp.swift in Sources */ = {isa = PBXBuildFile; fileRef = A580319425C7ADA1009756EB /* MurderBotApp.swift */; };
		A580319725C7ADA1009756EB /* ContentView.swift in Sources */ = {isa = PBXBuildFile; fileRef = A580319625C7ADA1009756EB /* ContentView.swift */; };
		A580319925C7ADA3009756EB /* Assets.xcassets in Resources */ = {isa = PBXBuildFile; fileRef = A580319825C7ADA3009756EB /* Assets.xcassets */; };
		A580319C25C7ADA3009756EB /* Preview Assets.xcassets in Resources */ = {isa = PBXBuildFile; fileRef = A580319B25C7ADA3009756EB /* Preview Assets.xcassets */; };
		A58031A625C7ADE4009756EB /* CardStack in Frameworks */ = {isa = PBXBuildFile; productRef = A58031A525C7ADE4009756EB /* CardStack */; };
		A58031AC25C7D2BF009756EB /* ActivityIndicatorView in Frameworks */ = {isa = PBXBuildFile; productRef = A58031AB25C7D2BF009756EB /* ActivityIndicatorView */; };
		A58031B525C7D9A7009756EB /* FilledButton.swift in Sources */ = {isa = PBXBuildFile; fileRef = A58031B425C7D9A7009756EB /* FilledButton.swift */; };
/* End PBXBuildFile section */

/* Begin PBXFileReference section */
		A580319125C7ADA1009756EB /* MurderBot.app */ = {isa = PBXFileReference; explicitFileType = wrapper.application; includeInIndex = 0; path = MurderBot.app; sourceTree = BUILT_PRODUCTS_DIR; };
		A580319425C7ADA1009756EB /* MurderBotApp.swift */ = {isa = PBXFileReference; lastKnownFileType = sourcecode.swift; path = MurderBotApp.swift; sourceTree = "<group>"; };
		A580319625C7ADA1009756EB /* ContentView.swift */ = {isa = PBXFileReference; lastKnownFileType = sourcecode.swift; path = ContentView.swift; sourceTree = "<group>"; };
		A580319825C7ADA3009756EB /* Assets.xcassets */ = {isa = PBXFileReference; lastKnownFileType = folder.assetcatalog; path = Assets.xcassets; sourceTree = "<group>"; };
		A580319B25C7ADA3009756EB /* Preview Assets.xcassets */ = {isa = PBXFileReference; lastKnownFileType = folder.assetcatalog; path = "Preview Assets.xcassets"; sourceTree = "<group>"; };
		A580319D25C7ADA3009756EB /* Info.plist */ = {isa = PBXFileReference; lastKnownFileType = text.plist.xml; path = Info.plist; sourceTree = "<group>"; };
		A58031B425C7D9A7009756EB /* FilledButton.swift */ = {isa = PBXFileReference; lastKnownFileType = sourcecode.swift; path = FilledButton.swift; sourceTree = "<group>"; };
/* End PBXFileReference section */

/* Begin PBXFrameworksBuildPhase section */
		A580318E25C7ADA1009756EB /* Frameworks */ = {
			isa = PBXFrameworksBuildPhase;
			buildActionMask = 2147483647;
			files = (
				A58031AC25C7D2BF009756EB /* ActivityIndicatorView in Frameworks */,
				A58031A625C7ADE4009756EB /* CardStack in Frameworks */,
			);
			runOnlyForDeploymentPostprocessing = 0;
		};
/* End PBXFrameworksBuildPhase section */

/* Begin PBXGroup section */
		A580318825C7ADA1009756EB = {
			isa = PBXGroup;
			children = (
				A580319325C7ADA1009756EB /* MurderBot */,
				A580319225C7ADA1009756EB /* Products */,
			);
			sourceTree = "<group>";
		};
		A580319225C7ADA1009756EB /* Products */ = {
			isa = PBXGroup;
			children = (
				A580319125C7ADA1009756EB /* MurderBot.app */,
			);
			name = Products;
			sourceTree = "<group>";
		};
		A580319325C7ADA1009756EB /* MurderBot */ = {
			isa = PBXGroup;
			children = (
				A580319425C7ADA1009756EB /* MurderBotApp.swift */,
				A580319625C7ADA1009756EB /* ContentView.swift */,
				A58031B425C7D9A7009756EB /* FilledButton.swift */,
				A580319825C7ADA3009756EB /* Assets.xcassets */,
				A580319D25C7ADA3009756EB /* Info.plist */,
				A580319A25C7ADA3009756EB /* Preview Content */,
			);
			path = MurderBot;
			sourceTree = "<group>";
		};
		A580319A25C7ADA3009756EB /* Preview Content */ = {
			isa = PBXGroup;
			children = (
				A580319B25C7ADA3009756EB /* Preview Assets.xcassets */,
			);
			path = "Preview Content";
			sourceTree = "<group>";
		};
/* End PBXGroup section */

/* Begin PBXNativeTarget section */
		A580319025C7ADA1009756EB /* MurderBot */ = {
			isa = PBXNativeTarget;
			buildConfigurationList = A58031A025C7ADA3009756EB /* Build configuration list for PBXNativeTarget "MurderBot" */;
			buildPhases = (
				A580318D25C7ADA1009756EB /* Sources */,
				A580318E25C7ADA1009756EB /* Frameworks */,
				A580318F25C7ADA1009756EB /* Resources */,
			);
			buildRules = (
			);
			dependencies = (
			);
			name = MurderBot;
			packageProductDependencies = (
				A58031A525C7ADE4009756EB /* CardStack */,
				A58031AB25C7D2BF009756EB /* ActivityIndicatorView */,
			);
			productName = SwiftTest2;
			productReference = A580319125C7ADA1009756EB /* MurderBot.app */;
			productType = "com.apple.product-type.application";
		};
/* End PBXNativeTarget section */

/* Begin PBXProject section */
		A580318925C7ADA1009756EB /* Project object */ = {
			isa = PBXProject;
			attributes = {
				LastSwiftUpdateCheck = 1240;
				LastUpgradeCheck = 1240;
				TargetAttributes = {
					A580319025C7ADA1009756EB = {
						CreatedOnToolsVersion = 12.4;
					};
				};
			};
			buildConfigurationList = A580318C25C7ADA1009756EB /* Build configuration list for PBXProject "MurderBot" */;
			compatibilityVersion = "Xcode 9.3";
			developmentRegion = en;
			hasScannedForEncodings = 0;
			knownRegions = (
				en,
				Base,
			);
			mainGroup = A580318825C7ADA1009756EB;
			packageReferences = (
				A58031A425C7ADE4009756EB /* XCRemoteSwiftPackageReference "SwiftUI-CardStackView" */,
				A58031AA25C7D2BF009756EB /* XCRemoteSwiftPackageReference "ActivityIndicatorView" */,
			);
			productRefGroup = A580319225C7ADA1009756EB /* Products */;
			projectDirPath = "";
			projectRoot = "";
			targets = (
				A580319025C7ADA1009756EB /* MurderBot */,
			);
		};
/* End PBXProject section */

/* Begin PBXResourcesBuildPhase section */
		A580318F25C7ADA1009756EB /* Resources */ = {
			isa = PBXResourcesBuildPhase;
			buildActionMask = 2147483647;
			files = (
				A580319C25C7ADA3009756EB /* Preview Assets.xcassets in Resources */,
				A580319925C7ADA3009756EB /* Assets.xcassets in Resources */,
			);
			runOnlyForDeploymentPostprocessing = 0;
		};
/* End PBXResourcesBuildPhase section */

/* Begin PBXSourcesBuildPhase section */
		A580318D25C7ADA1009756EB /* Sources */ = {
			isa = PBXSourcesBuildPhase;
			buildActionMask = 2147483647;
			files = (
				A580319725C7ADA1009756EB /* ContentView.swift in Sources */,
				A580319525C7ADA1009756EB /* MurderBotApp.swift in Sources */,
				A58031B525C7D9A7009756EB /* FilledButton.swift in Sources */,
			);
			runOnlyForDeploymentPostprocessing = 0;
		};
/* End PBXSourcesBuildPhase section */

/* Begin XCBuildConfiguration section */
		A580319E25C7ADA3009756EB /* Debug */ = {
			isa = XCBuildConfiguration;
			buildSettings = {
				ALWAYS_SEARCH_USER_PATHS = NO;
				CLANG_ANALYZER_NONNULL = YES;
				CLANG_ANALYZER_NUMBER_OBJECT_CONVERSION = YES_AGGRESSIVE;
				CLANG_CXX_LANGUAGE_STANDARD = "gnu++14";
				CLANG_CXX_LIBRARY = "libc++";
				CLANG_ENABLE_MODULES = YES;
				CLANG_ENABLE_OBJC_ARC = YES;
				CLANG_ENABLE_OBJC_WEAK = YES;
				CLANG_WARN_BLOCK_CAPTURE_AUTORELEASING = YES;
				CLANG_WARN_BOOL_CONVERSION = YES;
				CLANG_WARN_COMMA = YES;
				CLANG_WARN_CONSTANT_CONVERSION = YES;
				CLANG_WARN_DEPRECATED_OBJC_IMPLEMENTATIONS = YES;
				CLANG_WARN_DIRECT_OBJC_ISA_USAGE = YES_ERROR;
				CLANG_WARN_DOCUMENTATION_COMMENTS = YES;
				CLANG_WARN_EMPTY_BODY = YES;
				CLANG_WARN_ENUM_CONVERSION = YES;
				CLANG_WARN_INFINITE_RECURSION = YES;
				CLANG_WARN_INT_CONVERSION = YES;
				CLANG_WARN_NON_LITERAL_NULL_CONVERSION = YES;
				CLANG_WARN_OBJC_IMPLICIT_RETAIN_SELF = YES;
				CLANG_WARN_OBJC_LITERAL_CONVERSION = YES;
				CLANG_WARN_OBJC_ROOT_CLASS = YES_ERROR;
				CLANG_WARN_QUOTED_INCLUDE_IN_FRAMEWORK_HEADER = YES;
				CLANG_WARN_RANGE_LOOP_ANALYSIS = YES;
				CLANG_WARN_STRICT_PROTOTYPES = YES;
				CLANG_WARN_SUSPICIOUS_MOVE = YES;
				CLANG_WARN_UNGUARDED_AVAILABILITY = YES_AGGRESSIVE;
				CLANG_WARN_UNREACHABLE_CODE = YES;
				CLANG_WARN__DUPLICATE_METHOD_MATCH = YES;
				COPY_PHASE_STRIP = NO;
				DEBUG_INFORMATION_FORMAT = dwarf;
				ENABLE_STRICT_OBJC_MSGSEND = YES;
				ENABLE_TESTABILITY = YES;
				GCC_C_LANGUAGE_STANDARD = gnu11;
				GCC_DYNAMIC_NO_PIC = NO;
				GCC_NO_COMMON_BLOCKS = YES;
				GCC_OPTIMIZATION_LEVEL = 0;
				GCC_PREPROCESSOR_DEFINITIONS = (
					"DEBUG=1",
					"$(inherited)",
				);
				GCC_WARN_64_TO_32_BIT_CONVERSION = YES;
				GCC_WARN_ABOUT_RETURN_TYPE = YES_ERROR;
				GCC_WARN_UNDECLARED_SELECTOR = YES;
				GCC_WARN_UNINITIALIZED_AUTOS = YES_AGGRESSIVE;
				GCC_WARN_UNUSED_FUNCTION = YES;
				GCC_WARN_UNUSED_VARIABLE = YES;
				IPHONEOS_DEPLOYMENT_TARGET = 14.4;
				MTL_ENABLE_DEBUG_INFO = INCLUDE_SOURCE;
				MTL_FAST_MATH = YES;
				ONLY_ACTIVE_ARCH = YES;
				SDKROOT = iphoneos;
				SWIFT_ACTIVE_COMPILATION_CONDITIONS = DEBUG;
				SWIFT_OPTIMIZATION_LEVEL = "-Onone";
			};
			name = Debug;
		};
		A580319F25C7ADA3009756EB /* Release */ = {
			isa = XCBuildConfiguration;
			buildSettings = {
				ALWAYS_SEARCH_USER_PATHS = NO;
				CLANG_ANALYZER_NONNULL = YES;
				CLANG_ANALYZER_NUMBER_OBJECT_CONVERSION = YES_AGGRESSIVE;
				CLANG_CXX_LANGUAGE_STANDARD = "gnu++14";
				CLANG_CXX_LIBRARY = "libc++";
				CLANG_ENABLE_MODULES = YES;
				CLANG_ENABLE_OBJC_ARC = YES;
				CLANG_ENABLE_OBJC_WEAK = YES;
				CLANG_WARN_BLOCK_CAPTURE_AUTORELEASING = YES;
				CLANG_WARN_BOOL_CONVERSION = YES;
				CLANG_WARN_COMMA = YES;
				CLANG_WARN_CONSTANT_CONVERSION = YES;
				CLANG_WARN_DEPRECATED_OBJC_IMPLEMENTATIONS = YES;
				CLANG_WARN_DIRECT_OBJC_ISA_USAGE = YES_ERROR;
				CLANG_WARN_DOCUMENTATION_COMMENTS = YES;
				CLANG_WARN_EMPTY_BODY = YES;
				CLANG_WARN_ENUM_CONVERSION = YES;
				CLANG_WARN_INFINITE_RECURSION = YES;
				CLANG_WARN_INT_CONVERSION = YES;
				CLANG_WARN_NON_LITERAL_NULL_CONVERSION = YES;
				CLANG_WARN_OBJC_IMPLICIT_RETAIN_SELF = YES;
				CLANG_WARN_OBJC_LITERAL_CONVERSION = YES;
				CLANG_WARN_OBJC_ROOT_CLASS = YES_ERROR;
				CLANG_WARN_QUOTED_INCLUDE_IN_FRAMEWORK_HEADER = YES;
				CLANG_WARN_RANGE_LOOP_ANALYSIS = YES;
				CLANG_WARN_STRICT_PROTOTYPES = YES;
				CLANG_WARN_SUSPICIOUS_MOVE = YES;
				CLANG_WARN_UNGUARDED_AVAILABILITY = YES_AGGRESSIVE;
				CLANG_WARN_UNREACHABLE_CODE = YES;
				CLANG_WARN__DUPLICATE_METHOD_MATCH = YES;
				COPY_PHASE_STRIP = NO;
				DEBUG_INFORMATION_FORMAT = "dwarf-with-dsym";
				ENABLE_NS_ASSERTIONS = NO;
				ENABLE_STRICT_OBJC_MSGSEND = YES;
				GCC_C_LANGUAGE_STANDARD = gnu11;
				GCC_NO_COMMON_BLOCKS = YES;
				GCC_WARN_64_TO_32_BIT_CONVERSION = YES;
				GCC_WARN_ABOUT_RETURN_TYPE = YES_ERROR;
				GCC_WARN_UNDECLARED_SELECTOR = YES;
				GCC_WARN_UNINITIALIZED_AUTOS = YES_AGGRESSIVE;
				GCC_WARN_UNUSED_FUNCTION = YES;
				GCC_WARN_UNUSED_VARIABLE = YES;
				IPHONEOS_DEPLOYMENT_TARGET = 14.4;
				MTL_ENABLE_DEBUG_INFO = NO;
				MTL_FAST_MATH = YES;
				SDKROOT = iphoneos;
				SWIFT_COMPILATION_MODE = wholemodule;
				SWIFT_OPTIMIZATION_LEVEL = "-O";
				VALIDATE_PRODUCT = YES;
			};
			name = Release;
		};
		A58031A125C7ADA3009756EB /* Debug */ = {
			isa = XCBuildConfiguration;
			buildSettings = {
				ASSETCATALOG_COMPILER_APPICON_NAME = AppIcon;
				ASSETCATALOG_COMPILER_GLOBAL_ACCENT_COLOR_NAME = AccentColor;
				CODE_SIGN_STYLE = Automatic;
				DEVELOPMENT_ASSET_PATHS = "\"MurderBot/Preview Content\"";
				DEVELOPMENT_TEAM = Z7S6X96M3X;
				ENABLE_PREVIEWS = YES;
				INFOPLIST_FILE = MurderBot/Info.plist;
				IPHONEOS_DEPLOYMENT_TARGET = 14.0;
				LD_RUNPATH_SEARCH_PATHS = (
					"$(inherited)",
					"@executable_path/Frameworks",
				);
				PRODUCT_BUNDLE_IDENTIFIER = com.latenightsw.SwiftTest2;
				PRODUCT_NAME = "$(TARGET_NAME)";
				SWIFT_VERSION = 5.0;
				TARGETED_DEVICE_FAMILY = 1;
			};
			name = Debug;
		};
		A58031A225C7ADA3009756EB /* Release */ = {
			isa = XCBuildConfiguration;
			buildSettings = {
				ASSETCATALOG_COMPILER_APPICON_NAME = AppIcon;
				ASSETCATALOG_COMPILER_GLOBAL_ACCENT_COLOR_NAME = AccentColor;
				CODE_SIGN_STYLE = Automatic;
				DEVELOPMENT_ASSET_PATHS = "\"MurderBot/Preview Content\"";
				DEVELOPMENT_TEAM = Z7S6X96M3X;
				ENABLE_PREVIEWS = YES;
				INFOPLIST_FILE = MurderBot/Info.plist;
				IPHONEOS_DEPLOYMENT_TARGET = 14.0;
				LD_RUNPATH_SEARCH_PATHS = (
					"$(inherited)",
					"@executable_path/Frameworks",
				);
				PRODUCT_BUNDLE_IDENTIFIER = com.latenightsw.SwiftTest2;
				PRODUCT_NAME = "$(TARGET_NAME)";
				SWIFT_VERSION = 5.0;
				TARGETED_DEVICE_FAMILY = 1;
			};
			name = Release;
		};
/* End XCBuildConfiguration section */

/* Begin XCConfigurationList section */
		A580318C25C7ADA1009756EB /* Build configuration list for PBXProject "MurderBot" */ = {
			isa = XCConfigurationList;
			buildConfigurations = (
				A580319E25C7ADA3009756EB /* Debug */,
				A580319F25C7ADA3009756EB /* Release */,
			);
			defaultConfigurationIsVisible = 0;
			defaultConfigurationName = Release;
		};
		A58031A025C7ADA3009756EB /* Build configuration list for PBXNativeTarget "MurderBot" */ = {
			isa = XCConfigurationList;
			buildConfigurations = (
				A58031A125C7ADA3009756EB /* Debug */,
				A58031A225C7ADA3009756EB /* Release */,
			);
			defaultConfigurationIsVisible = 0;
			defaultConfigurationName = Release;
		};
/* End XCConfigurationList section */

/* Begin XCRemoteSwiftPackageReference section */
		A58031A425C7ADE4009756EB /* XCRemoteSwiftPackageReference "SwiftUI-CardStackView" */ = {
			isa = XCRemoteSwiftPackageReference;
			repositoryURL = "https://github.com/dadalar/SwiftUI-CardStackView";
			requirement = {
				kind = upToNextMajorVersion;
				minimumVersion = 0.0.5;
			};
		};
		A58031AA25C7D2BF009756EB /* XCRemoteSwiftPackageReference "ActivityIndicatorView" */ = {
			isa = XCRemoteSwiftPackageReference;
			repositoryURL = "https://github.com/exyte/ActivityIndicatorView.git";
			requirement = {
				kind = upToNextMajorVersion;
				minimumVersion = 0.0.6;
			};
		};
/* End XCRemoteSwiftPackageReference section */

/* Begin XCSwiftPackageProductDependency section */
		A58031A525C7ADE4009756EB /* CardStack */ = {
			isa = XCSwiftPackageProductDependency;
			package = A58031A425C7ADE4009756EB /* XCRemoteSwiftPackageReference "SwiftUI-CardStackView" */;
			productName = CardStack;
		};
		A58031AB25C7D2BF009756EB /* ActivityIndicatorView */ = {
			isa = XCSwiftPackageProductDependency;
			package = A58031AA25C7D2BF009756EB /* XCRemoteSwiftPackageReference "ActivityIndicatorView" */;
			productName = ActivityIndicatorView;
		};
/* End XCSwiftPackageProductDependency section */
	};
	rootObject = A580318925C7ADA1009756EB /* Project object */;
}
